dependencies:
  espressif/brookesia_gui_interface:
    component_hash: 8fdb7914e96fb869f2b4cd9bc590af06e1928a78cb1f64526f6cc2979080a2a2
    dependencies:
    - name: espressif/brookesia_lib_utils
      registry_url: https://components.espressif.com
      require: private
      version: 0.8.*
    - name: espressif/brookesia_service_helper
      registry_url: https://components.espressif.com
      require: private
      version: 0.8.*
    source:
      registry_url: https://components.espressif.com
      type: service
    version: 0.8.2
  espressif/brookesia_gui_lvgl:
    component_hash: 3d175facb2dc14235ce2a78afb2db44ec5971d99a2bfdb984d95bb32683947b8
    dependencies:
    - name: espressif/brookesia_gui_interface
      registry_url: https://components.espressif.com
      require: private
      version: 0.8.*
    - name: espressif/brookesia_hal_interface
      registry_url: https://components.espressif.com
      require: private
      version: 0.8.*
    - name: espressif/brookesia_lib_utils
      registry_url: https://components.espressif.com
      require: private
      version: 0.8.*
    - name: espressif/brookesia_service_display
      registry_url: https://components.espressif.com
      require: private
      version: 0.8.*
    - name: espressif/brookesia_service_helper
      registry_url: https://components.espressif.com
      require: private
      version: 0.8.*
    - name: espressif/esp_lvgl_adapter
      registry_url: https://components.espressif.com
      require: private
      version: 0.6.*
    source:
      registry_url: https://components.espressif.com/
      type: service
    version: 0.8.4
  espressif/brookesia_hal_adaptor:
    component_hash: e4cbe9d919117cb4d420c5b54140f81e05382243c9e1c8d8acf9aa13e2ddc75c
    dependencies:
    - name: espressif/brookesia_hal_interface
      registry_url: https://components.espressif.com
      require: private
      version: 0.8.*
    - matches:
      - if: $CONFIG{BROOKESIA_HAL_ADAPTOR_ENABLE_SYSTEM_DEVICE} == True && $CONFIG{BROOKESIA_HAL_ADAPTOR_SYSTEM_ENABLE_BOARD_INFO_IMPL} == True
      - if: $CONFIG{BROOKESIA_HAL_ADAPTOR_ENABLE_SYSTEM_DEVICE} == True && $CONFIG{BROOKESIA_HAL_ADAPTOR_SYSTEM_ENABLE_OTA_UPDATER_IMPL} == True
      - if: $CONFIG{BROOKESIA_HAL_ADAPTOR_ENABLE_AUDIO_DEVICE} == True
      - if: $CONFIG{BROOKESIA_HAL_ADAPTOR_ENABLE_BT_DEVICE} == True
      - if: $CONFIG{BROOKESIA_HAL_ADAPTOR_ENABLE_VIDEO_DEVICE} == True && $CONFIG{BROOKESIA_HAL_ADAPTOR_VIDEO_ENABLE_CAMERA_IMPL} == True
      - if: $CONFIG{BROOKESIA_HAL_ADAPTOR_ENABLE_DISPLAY_DEVICE} == True
      - if: $CONFIG{BROOKESIA_HAL_ADAPTOR_ENABLE_STORAGE_DEVICE} == True && $CONFIG{BROOKESIA_HAL_ADAPTOR_STORAGE_ENABLE_FILE_SYSTEM_IMPL} == True && $CONFIG{BROOKESIA_HAL_ADAPTOR_STORAGE_FILE_SYSTEM_ENABLE_SPIFFS} == True
      - if: $CONFIG{BROOKESIA_HAL_ADAPTOR_ENABLE_STORAGE_DEVICE} == True && $CONFIG{BROOKESIA_HAL_ADAPTOR_STORAGE_ENABLE_FILE_SYSTEM_IMPL} == True && $CONFIG{BROOKESIA_HAL_ADAPTOR_STORAGE_FILE_SYSTEM_ENABLE_SDCARD} == True
      - if: $CONFIG{BROOKESIA_HAL_ADAPTOR_ENABLE_POWER_DEVICE} == True
      name: espressif/esp_board_manager
      registry_url: https://components.espressif.com
      require: private
      version: 0.5.*
    - matches:
      - if: target in [esp32, esp32s31] && $CONFIG{BROOKESIA_HAL_ADAPTOR_ENABLE_BT_DEVICE} == True && $CONFIG{BT_CONTROLLER_ENABLED} == True && $CONFIG{BT_CLASSIC_ENABLED} == True && $CONFIG{BT_BLUEDROID_ENABLED} == True && $CONFIG{BT_A2DP_ENABLE} == True
      name: espressif/esp_bt_audio
      registry_url: https://components.espressif.com
      require: private
      version: ^0.8
    - matches:
      - if: target in [esp32p4] && $CONFIG{BROOKESIA_HAL_ADAPTOR_ENABLE_WIFI_DEVICE} == True
      name: espressif/esp_hosted
      registry_url: https://components.espressif.com
      require: no
      version: 2.12.3
    - matches:
      - if: $CONFIG{BROOKESIA_HAL_ADAPTOR_ENABLE_VIDEO_DEVICE} == True && $CONFIG{BROOKESIA_HAL_ADAPTOR_VIDEO_ENABLE_CAMERA_IMPL} == True
      name: espressif/esp_video
      registry_url: https://components.espressif.com
      require: private
      version: 2.2.*
    - matches:
      - if: target in [esp32p4] && $CONFIG{BROOKESIA_HAL_ADAPTOR_ENABLE_WIFI_DEVICE} == True
      name: espressif/esp_wifi_remote
      registry_url: https://components.espressif.com
      require: no
      version: '>=0.10,<2.0'
    - matches:
      - if: target in [esp32, esp32s31] && $CONFIG{BROOKESIA_HAL_ADAPTOR_ENABLE_BT_DEVICE} == True && $CONFIG{BT_CONTROLLER_ENABLED} == True && $CONFIG{BT_CLASSIC_ENABLED} == True && $CONFIG{BT_BLUEDROID_ENABLED} == True && $CONFIG{BT_A2DP_ENABLE} == True
      name: espressif/gmf_audio
      registry_url: https://components.espressif.com
      require: private
      version: ^0.8
    - matches:
      - if: target in [esp32, esp32s31] && $CONFIG{BROOKESIA_HAL_ADAPTOR_ENABLE_BT_DEVICE} == True && $CONFIG{BT_CONTROLLER_ENABLED} == True && $CONFIG{BT_CLASSIC_ENABLED} == True && $CONFIG{BT_BLUEDROID_ENABLED} == True && $CONFIG{BT_A2DP_ENABLE} == True
      name: espressif/gmf_io
      registry_url: https://components.espressif.com
      require: private
      version: ^0.8
    - matches:
      - if: $CONFIG{BROOKESIA_HAL_ADAPTOR_ENABLE_AUDIO_DEVICE} == True && $CONFIG{BROOKESIA_HAL_ADAPTOR_AUDIO_ENABLE_PROCESSOR_IMPL} == True
      - if: $CONFIG{BROOKESIA_HAL_ADAPTOR_ENABLE_VIDEO_DEVICE} == True && $CONFIG{BROOKESIA_HAL_ADAPTOR_VIDEO_ENABLE_ENCODER_IMPL} == True
      - if: $CONFIG{BROOKESIA_HAL_ADAPTOR_ENABLE_VIDEO_DEVICE} == True && $CONFIG{BROOKESIA_HAL_ADAPTOR_VIDEO_ENABLE_DECODER_IMPL} == True
      name: espressif/media_lib_sal
      registry_url: https://components.espressif.com
      require: private
      version: 0.9.3
    - matches:
      - if: $CONFIG{BROOKESIA_HAL_ADAPTOR_ENABLE_AUDIO_DEVICE} == True && $CONFIG{BROOKESIA_HAL_ADAPTOR_AUDIO_ENABLE_PROCESSOR_IMPL} == True
      - if: $CONFIG{BROOKESIA_HAL_ADAPTOR_ENABLE_VIDEO_DEVICE} == True && $CONFIG{BROOKESIA_HAL_ADAPTOR_VIDEO_ENABLE_ENCODER_IMPL} == True
      - if: $CONFIG{BROOKESIA_HAL_ADAPTOR_ENABLE_VIDEO_DEVICE} == True && $CONFIG{BROOKESIA_HAL_ADAPTOR_VIDEO_ENABLE_DECODER_IMPL} == True
      name: jason-mao/av_processor
      registry_url: https://components.espressif.com
      require: private
      version: 0.6.*
    - matches:
      - if: $CONFIG{BROOKESIA_HAL_ADAPTOR_ENABLE_STORAGE_DEVICE} == True && $CONFIG{BROOKESIA_HAL_ADAPTOR_STORAGE_ENABLE_FILE_SYSTEM_IMPL} == True && $CONFIG{BROOKESIA_HAL_ADAPTOR_STORAGE_FILE_SYSTEM_ENABLE_LITTLEFS} == True
      name: joltwallet/littlefs
      registry_url: https://components.espressif.com
      require: private
      version: 1.*
    source:
      registry_url: https://components.espressif.com/
      type: service
    version: 0.8.4
  espressif/brookesia_hal_interface:
    component_hash: aef0a1f2346c1aa7d8b9675042801bd54664f9f9ffb9c0cfe4e7500aa07d0b53
    dependencies:
    - name: espressif/brookesia_lib_utils
      registry_url: https://components.espressif.com
      require: private
      version: 0.8.*
    source:
      registry_url: https://components.espressif.com
      type: service
    version: 0.8.2
  espressif/brookesia_lib_utils:
    component_hash: d68f7e6dcb2f40d4d69f875c2c5e0051b5d8cf3971cdbe35369f2f3f2098311d
    dependencies:
    - name: espressif/cmake_utilities
      registry_url: https://components.espressif.com
      require: private
      version: 0.*
    - name: espressif/esp-boost
      registry_url: https://components.espressif.com
      require: private
      version: 0.6.*
    - name: idf
      require: private
      version: '>=6.0,<=6.2'
    source:
      registry_url: https://components.espressif.com
      type: service
    version: 0.8.2
  espressif/brookesia_runtime_manager:
    component_hash: c98f5275d666e62dc8384a164b240ec2497885aacf3c2d9d81cb4282433008d8
    dependencies:
    - name: espressif/brookesia_lib_utils
      registry_url: https://components.espressif.com
      require: private
      version: 0.8.*
    source:
      registry_url: https://components.espressif.com
      type: service
    version: 0.8.2
  espressif/brookesia_service_device:
    component_hash: c2439f25fcdb6a4ef556d5537fd4aa89a5bcdda28eb8a08b983168db2662511d
    dependencies:
    - name: espressif/brookesia_service_helper
      registry_url: https://components.espressif.com
      require: private
      version: 0.8.*
    source:
      registry_url: https://components.espressif.com/
      type: service
    version: 0.8.2
  espressif/brookesia_service_display:
    component_hash: 2cd3731644ea9f7b93ad439f8de6210baeb1a85fec7bcfe09a97ec285aabd4be
    dependencies:
    - name: espressif/brookesia_service_helper
      registry_url: https://components.espressif.com
      require: private
      version: 0.8.*
    - name: espressif/brookesia_service_storage
      registry_url: https://components.espressif.com
      require: private
      version: 0.8.*
    source:
      registry_url: https://components.espressif.com
      type: service
    version: 0.8.2
  espressif/brookesia_service_helper:
    component_hash: 86207780be249fd45d32d0d263d011bd5415ffb61ef219ff4a70fe35b63277d7
    dependencies:
    - name: espressif/brookesia_hal_interface
      registry_url: https://components.espressif.com
      require: private
      version: 0.8.*
    - name: espressif/brookesia_service_manager
      registry_url: https://components.espressif.com
      require: private
      version: 0.8.*
    source:
      registry_url: https://components.espressif.com
      type: service
    version: 0.8.4
  espressif/brookesia_service_manager:
    component_hash: 4d8d063bcb368c77de089c15f494365cf38a4f560313c583d464d58b0bd05aa2
    dependencies:
    - name: espressif/brookesia_lib_utils
      registry_url: https://components.espressif.com
      require: private
      version: 0.8.*
    source:
      registry_url: https://components.espressif.com
      type: service
    version: 0.8.2
  espressif/brookesia_service_sntp:
    component_hash: e91ca36b3ffd4abc97ff7c5b05d3cec574189395115bac2ceffdc5ecb28c515c
    dependencies:
    - name: espressif/brookesia_service_storage
      registry_url: https://components.espressif.com
      require: private
      version: 0.8.*
    source:
      registry_url: https://components.espressif.com
      type: service
    version: 0.8.2
  espressif/brookesia_service_storage:
    component_hash: 2746c32429841b24b25df6d5469a6fcb190f66917b092c574b796d83e229bcfe
    dependencies:
    - name: espressif/brookesia_service_helper
      registry_url: https://components.espressif.com
      require: private
      version: 0.8.*
    source:
      registry_url: https://components.espressif.com
      type: service
    version: 0.8.3
  espressif/brookesia_service_usb:
    component_hash: 2e2c737e8bb20099edcfd799096df580566e154844cdaa887a06044ce17bdaa7
    dependencies:
    - name: espressif/brookesia_service_helper
      registry_url: https://components.espressif.com
      require: private
      version: 0.8.*
    source:
      registry_url: https://components.espressif.com
      type: service
    version: 0.8.0
  espressif/brookesia_service_wifi:
    component_hash: 44f63bc4c9814b9a335f66c42a4c9bb360ce4a88e899490fa59683851a22bbea
    dependencies:
    - name: espressif/brookesia_service_storage
      registry_url: https://components.espressif.com
      require: private
      version: 0.8.*
    source:
      registry_url: https://components.espressif.com
      type: service
    version: 0.8.2
  espressif/brookesia_system_core:
    component_hash: 6dca55f745f2c18e9fa190f0a6915ab18bfeedfcdadd4dcdca8dac393f41e886
    dependencies:
    - name: espressif/brookesia_gui_interface
      registry_url: https://components.espressif.com
      require: private
      version: 0.8.*
    - name: espressif/brookesia_runtime_manager
      registry_url: https://components.espressif.com
      require: private
      version: 0.8.*
    - name: espressif/brookesia_service_helper
      registry_url: https://components.espressif.com
      require: private
      version: 0.8.*
    - name: espressif/brookesia_service_storage
      registry_url: https://components.espressif.com
      require: private
      version: 0.8.*
    - name: espressif/brookesia_service_usb
      registry_url: https://components.espressif.com
      require: private
      version: 0.8.*
    - name: espressif/zlib
      registry_url: https://components.espressif.com
      require: private
      version: ^1.3.0
    source:
      registry_url: https://components.espressif.com
      type: service
    version: 0.8.3
  espressif/brookesia_system_super:
    component_hash: 4d9cd6f63c633ac7580525c3ee1fc5e46543be5d35967888780fb67e79928989
    dependencies:
    - name: espressif/brookesia_service_display
      registry_url: https://components.espressif.com
      require: private
      version: 0.8.*
    - name: espressif/brookesia_service_sntp
      registry_url: https://components.espressif.com
      require: private
      version: 0.8.*
    - name: espressif/brookesia_service_storage
      registry_url: https://components.espressif.com
      require: private
      version: 0.8.*
    - name: espressif/brookesia_service_wifi
      registry_url: https://components.espressif.com
      require: private
      version: 0.8.*
    - name: espressif/brookesia_system_core
      registry_url: https://components.espressif.com
      require: private
      version: 0.8.*
    source:
      registry_url: https://components.espressif.com/
      type: service
    version: 0.8.3
  espressif/button:
    component_hash: a1f34e8ed2e61ffef1a230fd9477005c2db335c7e1f6a239f43e5f119dcbe1b0
    dependencies:
    - name: espressif/cmake_utilities
      registry_url: https://components.espressif.com
      require: private
      version: '*'
    - name: idf
      require: private
      version: '>=4.0'
    source:
      registry_url: https://components.espressif.com
      type: service
    version: 4.2.1
  espressif/cmake_utilities:
    component_hash: 351350613ceafba240b761b4ea991e0f231ac7a9f59a9ee901f751bddc0bb18f
    dependencies:
    - name: idf
      require: private
      version: '>=4.1'
    source:
      registry_url: https://components.espressif.com
      type: service
    version: 0.5.3
  espressif/eppp_link:
    component_hash: c1369b37f2b0b427b198ae14e07e7547d3da92b95fe4dc7f949e5de560b35f21
    dependencies:
    - name: espressif/esp_serial_slave_link
      registry_url: https://components.espressif.com
      require: private
      version: ^1.1.0
    - name: idf
      require: private
      version: '>=5.2'
    source:
      registry_url: https://components.espressif.com
      type: service
    version: 1.1.6
  espressif/esp-boost:
    component_hash: 332946a64356203e9443a3bae9cec93ef8aab6df37de2f61270c972f238f9b3f
    dependencies:
    - name: idf
      require: private
      version: '>=5.5'
    source:
      registry_url: https://components.espressif.com
      type: service
    version: 0.6.0
  espressif/esp_board_manager:
    component_hash: cd823baf12c50fb94703b5b2ee36aa7bd5a256f16744fcc63eaf3cf995e6fe3e
    dependencies:
    - matches:
      - if: $CONFIG{ESP_BOARD_DEV_BUTTON_SUPPORT} == True
      name: espressif/button
      registry_url: https://components.espressif.com
      require: private
      version: ^4.1.4
    - matches:
      - if: $CONFIG{ESP_BOARD_DEV_AUDIO_CODEC_SUPPORT} == True
      name: espressif/esp_codec_dev
      registry_url: https://components.espressif.com
      require: private
      version: ~1.5
    - matches:
      - if: $CONFIG{ESP_BOARD_DEV_GPIO_EXPANDER_SUPPORT} == True
      name: espressif/esp_io_expander
      registry_url: https://components.espressif.com
      require: private
      version: ^1.0.1
    - matches:
      - if: $CONFIG{ESP_BOARD_DEV_DISPLAY_LCD_SUB_RGB_3WIRE_SPI_SUPPORT} == True
      name: espressif/esp_lcd_panel_io_additions
      registry_url: https://components.espressif.com
      require: private
      version: ^1.0.0
    - matches:
      - if: $CONFIG{ESP_BOARD_DEV_LCD_TOUCH_I2C_SUPPORT} == True
      - if: $CONFIG{ESP_BOARD_DEV_LCD_TOUCH_SUPPORT} == True
      name: espressif/esp_lcd_touch
      registry_url: https://components.espressif.com
      require: private
      version: '*'
    - matches:
      - if: $CONFIG{ESP_BOARD_DEV_CAMERA_SUPPORT} == True
      name: espressif/esp_video
      registry_url: https://components.espressif.com
      require: private
      version: ^2.0.0
    - matches:
      - if: $CONFIG{ESP_BOARD_DEV_LED_STRIP_SUPPORT} == True
      name: espressif/led_strip
      registry_url: https://components.espressif.com
      require: private
      version: '*'
    - matches:
      - if: $CONFIG{ESP_BOARD_DEV_LITTLEFS_SUPPORT} == True
      name: joltwallet/littlefs
      registry_url: https://components.espressif.com
      require: private
      version: ^1.22.1
    source:
      registry_url: https://components.espressif.com/
      type: service
    version: 0.5.15
  espressif/esp_cam_sensor:
    component_hash: 6504a057da210693f737a1440936828be99592969afc2c007d559a9f0b23593b
    dependencies:
    - name: espressif/cmake_utilities
      registry_url: https://components.espressif.com
      require: private
      version: 0.*
    - name: espressif/esp_sccb_intf
      registry_url: https://components.espressif.com
      require: private
      version: '>=0.0.5'
    - name: idf
      require: private
      version: '>=5.3'
    source:
      registry_url: https://components.espressif.com
      type: service
    targets:
    - esp32p4
    - esp32s3
    - esp32c3
    - esp32c5
    - esp32c6
    - esp32c61
    - esp32s31
    version: 2.4.0
  espressif/esp_codec_dev:
    component_hash: df70f10af8d7b922add7b9d07372c9c97ab356e58d72b7a892050227c2d44348
    dependencies:
    - name: idf
      require: private
      version: '>=4.0'
    source:
      registry_url: https://components.espressif.com
      type: service
    version: 1.5.11
  espressif/esp_h264:
    component_hash: 0b3524f8517d63f9d4bfc8481dcd325e9cbdb0c8a97e66dbd56df74fed193f8b
    dependencies:
    - name: idf
      require: private
      version: '>=4.4'
    source:
      registry_url: https://components.espressif.com
      type: service
    targets:
    - esp32s3
    - esp32s31
    - esp32p4
    version: 1.3.8
  espressif/esp_hosted:
    component_hash: e23eb702781c804a62909e5394da0641a2bff9adccec6673a7bff60ce8c8b756
    dependencies:
    - name: idf
      require: private
      version: '>=5.3'
    source:
      registry_url: https://components.espressif.com/
      type: service
    version: 2.12.3
  espressif/esp_io_expander:
    component_hash: 7b7f91270172e46ca4597e3874f48d8412e280e8c295559f5922ec38656e3e5f
    dependencies:
    - name: idf
      require: private
      version: '>=4.4.2'
    source:
      registry_url: https://components.espressif.com
      type: service
    version: 1.2.1
  espressif/esp_io_expander_pi4ioe5v6408:
    component_hash: d474a9c18b1fb73e44f9343c50d1a9b9b8b634e4a9f725b0d3b6b6e2bf82bea5
    dependencies:
    - name: espressif/esp_io_expander
      registry_url: https://components.espressif.com
      require: public
      version: ^1.2.0
    - name: idf
      require: private
      version: '>=5.2'
    source:
      registry_url: https://components.espressif.com/
      type: service
    version: 1.0.1
  espressif/esp_ipa:
    component_hash: bf6e4148604eaba7e1b7ae91df03c4caecd1535b605328e60e6f942bc9cb8dbf
    dependencies:
    - name: espressif/cmake_utilities
      registry_url: https://components.espressif.com
      require: private
      version: 0.*
    - name: idf
      require: private
      version: '>=5.4'
    source:
      registry_url: https://components.espressif.com
      type: service
    targets:
    - esp32p4
    version: 2.3.0
  espressif/esp_lcd_ili9881c:
    component_hash: 0288df12755c95d406ccea245a427595f314df0b14a61846286d926ea6f3698e
    dependencies:
    - name: idf
      require: private
      version: '>=5.3'
    source:
      registry_url: https://components.espressif.com/
      type: service
    targets:
    - esp32p4
    version: 1.1.0
  espressif/esp_lcd_st7121:
    component_hash: 1d78b38f00dd25ff390c446c8d1b8e87cf7b7d95065d32f92cf5ad193ae70f58
    dependencies:
    - name: espressif/cmake_utilities
      registry_url: https://components.espressif.com
      require: private
      version: 0.*
    - name: idf
      require: private
      version: '>=5.4'
    source:
      registry_url: https://components.espressif.com/
      type: service
    targets:
    - esp32p4
    version: 1.0.1
  espressif/esp_lcd_st7123:
    component_hash: 067236d959e1b4e51467708242083926d3fe898e071a5a92086c5a94f1c5dac7
    dependencies:
    - name: espressif/cmake_utilities
      registry_url: https://components.espressif.com
      require: private
      version: 0.*
    - name: idf
      require: private
      version: '>=5.4'
    source:
      registry_url: https://components.espressif.com/
      type: service
    targets:
    - esp32p4
    version: 1.0.2
  espressif/esp_lcd_touch:
    component_hash: 3f85a7d95af876f1a6ecca8eb90a81614890d0f03a038390804e5a77e2caf862
    dependencies:
    - name: idf
      require: private
      version: '>=4.4.2'
    source:
      registry_url: https://components.espressif.com
      type: service
    version: 1.2.1
  espressif/esp_lcd_touch_gt911:
    component_hash: 737bdf29e0823eacf041381e81db2aaf5d378f3b5417df7f415f83319e3e790b
    dependencies:
    - name: espressif/esp_lcd_touch
      registry_url: https://components.espressif.com
      require: public
      version: ^1.2.0
    - name: idf
      require: private
      version: '>=5.2'
    source:
      registry_url: https://components.espressif.com/
      type: service
    version: 1.2.1
  espressif/esp_lcd_touch_st7123:
    component_hash: c43fd76fb12b4dd1bf30d60e99e4ec150b16e17cafc942a58e6274d4b68e71fe
    dependencies:
    - name: espressif/cmake_utilities
      registry_url: https://components.espressif.com
      require: private
      version: 0.*
    - name: espressif/esp_lcd_touch
      registry_url: https://components.espressif.com
      require: public
      version: ^1
    - name: idf
      require: private
      version: '>=4.4.2'
    source:
      registry_url: https://components.espressif.com/
      type: service
    version: 1.0.2
  espressif/esp_lv_decoder:
    component_hash: 331d23c304cea5d1aed0ad3cea7774874dbaeebb2217e8db6bf3cc8485ac9f9f
    dependencies:
    - name: espressif/esp_new_jpeg
      registry_url: https://components.espressif.com
      require: private
      version: 1.*
    - name: espressif/libpng
      registry_url: https://components.espressif.com
      require: private
      version: 1.*
    - name: idf
      require: private
      version: '>=5.3'
    - name: lvgl/lvgl
      registry_url: https://components.espressif.com
      require: private
      version: '>=8,<10'
    source:
      registry_url: https://components.espressif.com
      type: service
    targets:
    - esp32
    - esp32s2
    - esp32s3
    - esp32s31
    - esp32p4
    - esp32c2
    - esp32c3
    - esp32c5
    - esp32c6
    - esp32c61
    - esp32h4
    version: 0.4.3
  espressif/esp_lv_fs:
    component_hash: 66896007884b817df34c964f9a114fff538ee2674e99fee7159162498b93f94b
    dependencies:
    - name: espressif/cmake_utilities
      registry_url: https://components.espressif.com
      require: private
      version: 0.*
    - name: espressif/esp_mmap_assets
      registry_url: https://components.espressif.com
      require: private
      version: '>=1.2'
    - name: idf
      require: private
      version: '>=4.4'
    - name: lvgl/lvgl
      registry_url: https://components.espressif.com
      require: private
      version: '>=8,<10'
    source:
      registry_url: https://components.espressif.com
      type: service
    version: 1.0.1
  espressif/esp_lvgl_adapter:
    component_hash: bcb316bedda9e934d32567082a969a8e8f8f406dd32d23c359a299249dc18e81
    dependencies:
    - name: espressif/button
      registry_url: https://components.espressif.com
      require: public
      version: 4.*
    - name: espressif/esp_lcd_touch
      registry_url: https://components.espressif.com
      require: public
      version: 1.*
    - name: espressif/esp_lv_decoder
      registry_url: https://components.espressif.com
      require: public
      version: 0.*
    - name: espressif/esp_lv_fs
      registry_url: https://components.espressif.com
      require: public
      version: 1.*
    - name: espressif/freetype
      registry_url: https://components.espressif.com
      require: public
      version: 2.*
    - name: espressif/knob
      registry_url: https://components.espressif.com
      require: public
      version: 1.*
    - name: idf
      require: private
      version: '>=5.5'
    - name: lvgl/lvgl
      registry_url: https://components.espressif.com
      require: private
      version: '>=8,<10'
    source:
      registry_url: https://components.espressif.com
      type: service
    version: 0.6.4
  espressif/esp_mmap_assets:
    component_hash: 42310c362596de2a37248c2937b1754bc29cd0356b9839e2a77cf791e6bcdde1
    dependencies:
    - name: espressif/cmake_utilities
      registry_url: https://components.espressif.com
      require: private
      version: 0.*
    - name: idf
      require: private
      version: '>=5.0'
    source:
      registry_url: https://components.espressif.com
      type: service
    version: 2.0.1
  espressif/esp_new_jpeg:
    component_hash: e1e7e6991193c41ed6c9fc386702aa7821433319e7aa9c3147cd3236310cd69c
    dependencies: []
    source:
      registry_url: https://components.espressif.com
      type: service
    targets:
    - esp32
    - esp32s2
    - esp32s3
    - esp32s31
    - esp32p4
    - esp32c2
    - esp32c3
    - esp32c5
    - esp32c6
    - esp32c61
    - esp32h4
    version: 1.0.2
  espressif/esp_sccb_intf:
    component_hash: eb6a7d5c992f09583c163b2e3f5e95a0fdc87a2d9f8e026f3e59153935553889
    dependencies:
    - name: idf
      require: private
      version: '>=5.3'
    source:
      registry_url: https://components.espressif.com
      type: service
    version: 0.0.9
  espressif/esp_serial_slave_link:
    component_hash: ac1776806de0a6e371c84e87898bb983e19ce62aa7f1e2e5c4a3b0234a575d2c
    dependencies:
    - name: idf
      require: private
      version: '>=5.0'
    source:
      registry_url: https://components.espressif.com
      type: service
    version: 1.1.2
  espressif/esp_video:
    component_hash: ef614cc04e69e117fd08272a8b347ae5972eff2d0c8659af6444f8484931c7c1
    dependencies:
    - name: espressif/cmake_utilities
      registry_url: https://components.espressif.com
      require: private
      version: 0.*
    - name: espressif/esp_cam_sensor
      registry_url: https://components.espressif.com
      require: private
      version: 2.4.*
    - name: espressif/esp_h264
      registry_url: https://components.espressif.com
      require: private
      rules:
      - if: target in [esp32p4]
      version: 1.3.*
    - name: espressif/esp_ipa
      registry_url: https://components.espressif.com
      require: private
      rules:
      - if: target in [esp32p4]
      version: 2.3.*
    - name: idf
      require: private
      version: '>=5.4'
    - name: espressif/usb_host_uvc
      registry_url: https://components.espressif.com
      require: private
      rules:
      - if: target in [esp32p4, esp32s3, esp32s31]
      version: 2.5.*
    source:
      registry_url: https://components.espressif.com
      type: service
    targets:
    - esp32p4
    - esp32s3
    - esp32c3
    - esp32c5
    - esp32c6
    - esp32c61
    - esp32s31
    version: 2.4.1
  espressif/esp_wifi_remote:
    component_hash: 50d3beaf95c0bc47d0fcf56752beaf3cbaae981fd8c3b74d6890b45d8be689fe
    dependencies:
    - name: espressif/esp_hosted
      registry_url: https://components.espressif.com
      require: private
      rules:
      - if: target in [esp32h2, esp32p4]
      version: '>=2.11'
    - name: espressif/wifi_remote_over_eppp
      registry_url: https://components.espressif.com
      require: private
      version: '>=0.1'
    - name: idf
      require: private
      version: '>=5.3'
    source:
      registry_url: https://components.espressif.com
      type: service
    version: 1.6.4
  espressif/freetype:
    component_hash: aa9f7657a69b2b1c1f49044017fc424081d4e0fe6e97834cb43883548d44e3ca
    dependencies:
    - name: idf
      require: private
      version: '>=5.1'
    source:
      registry_url: https://components.espressif.com
      type: service
    version: 2.14.3~1
  espressif/knob:
    component_hash: b56694054cd34a683ac2a6f3661963ba00b1dab741a4f3bb59ed6666cbc9f3fb
    dependencies:
    - name: espressif/cmake_utilities
      registry_url: https://components.espressif.com
      require: private
      version: 0.*
    - name: idf
      require: private
      version: '>=4.4.1'
    source:
      registry_url: https://components.espressif.com
      type: service
    version: 1.1.0
  espressif/libpng:
    component_hash: b8c715f76b79a127d9b1b632e09acc23e7b29d2194af890a837adc2be5a2804b
    dependencies:
    - name: idf
      require: private
      version: '>=5.1'
    - name: espressif/zlib
      registry_url: https://components.espressif.com
      require: private
      version: ^1.2.13
    source:
      registry_url: https://components.espressif.com
      type: service
    version: 1.6.58~1
  espressif/m5stack_boards:
    component_hash: 603324a3893a08bda051abf89a2e8e27cad6b1b34837d189b07bc1e6614f805f
    dependencies: []
    source:
      registry_url: https://components.espressif.com/
      type: service
    version: 0.5.4
  espressif/usb:
    component_hash: 6c2cff118141dbbca181d0d27d71801fdddfc78f7ac03ae43f6e5a8cbd89cb99
    dependencies:
    - name: idf
      require: private
      version: '>=5.5.3'
    source:
      registry_url: https://components.espressif.com
      type: service
    targets:
    - esp32s2
    - esp32s3
    - esp32s31
    - esp32p4
    - esp32h4
    - linux
    version: 1.5.0
  espressif/usb_host_uvc:
    component_hash: ecb2604b71cb5a65d64e5f441be54793b1838096043ad8cf1fa0d3012de18a9a
    dependencies:
    - name: idf
      require: private
      version: '>=5.0'
    - name: espressif/usb
      registry_url: https://components.espressif.com
      require: public
      rules:
      - if: idf_version >=6.0
      - if: target not in ["linux"]
      version: ^1.0.0
    source:
      registry_url: https://components.espressif.com
      type: service
    targets:
    - esp32s2
    - esp32s3
    - esp32p4
    - esp32h4
    - esp32s31
    - linux
    version: 2.5.2
  espressif/wifi_remote_over_eppp:
    component_hash: 1fd6968af20f0b19e421f6b519b0a8caf81d689afc3783b564c28559e45f66ef
    dependencies:
    - name: espressif/eppp_link
      registry_url: https://components.espressif.com
      require: private
      version: '>=0.1'
    - name: idf
      require: private
      version: '>=5.3'
    source:
      registry_url: https://components.espressif.com
      type: service
    version: 0.3.3
  espressif/zlib:
    component_hash: 9083cada65f1c9d298ef92266232d071c6f2f335164e2799554b3eae73aedc55
    dependencies:
    - name: idf
      require: private
      version: '>=5.1'
    source:
      registry_url: https://components.espressif.com
      type: service
    version: 1.3.2~1
  idf:
    source:
      type: idf
    version: 6.1.0
  joltwallet/littlefs:
    component_hash: 3af20a3d75c49db9dc2286fd50862c34055c9f578419ad1f2bf7ed3ed01391fe
    dependencies:
    - name: idf
      require: private
      version: '>=5.0'
    source:
      registry_url: https://components.espressif.com/
      type: service
    version: 1.22.3
  lvgl/lvgl:
    component_hash: 17e68bfd21f0edf4c3ee838e2273da840bf3930e5dbc3bfa6c1190c3aed41f9f
    dependencies: []
    source:
      registry_url: https://components.espressif.com/
      type: service
    version: 9.4.0
direct_dependencies:
- espressif/brookesia_gui_lvgl
- espressif/brookesia_hal_adaptor
- espressif/brookesia_service_device
- espressif/brookesia_system_super
- espressif/esp_board_manager
- espressif/esp_hosted
- espressif/esp_io_expander_pi4ioe5v6408
- espressif/esp_lcd_ili9881c
- espressif/esp_lcd_st7121
- espressif/esp_lcd_st7123
- espressif/esp_lcd_touch_gt911
- espressif/esp_lcd_touch_st7123
- espressif/m5stack_boards
- idf
- joltwallet/littlefs
- lvgl/lvgl
manifest_hash: bba39c5e125831c977b4b0e37616d0ff1e7a02ecee69bc5923fc4d0e3eb81ea0
target: esp32p4
version: 3.0.0
